
Microsoft Visual Studio Solution File, Format Version 12.00
# Visual Studio Express 2012 for Windows Desktop
Project("{FAE04EC0-301F-11D3-BF4B-00C04F79EFBC}") = "specflow01", "specflow01\specflow01.csproj", "{475B590C-1B49-4DFC-AC31-BAC78C0373BE}"
EndProject
Project("{2150E333-8FDC-42A3-9474-1A3956D46DE8}") = ".nuget", ".nuget", "{75E2F5BD-1E63-46AC-8723-276978D51EB1}"
	ProjectSection(SolutionItems) = preProject
		.nuget\packages.config = .nuget\packages.config
	EndProjectSection
EndProject
Project("{FAE04EC0-301F-11D3-BF4B-00C04F79EFBC}") = "specflow01.NUTest", "specflow01.NUTest\specflow01.NUTest.csproj", "{BF164D88-7361-4EE8-B7DB-043C3D1FB4C6}"
EndProject
Project("{FAE04EC0-301F-11D3-BF4B-00C04F79EFBC}") = "specflow01.NUTest.AT", "specflow01.NUTest.AT\specflow01.NUTest.AT.csproj", "{4419A045-C4B5-4056-B64E-20ABBF89D119}"
EndProject
Global
	GlobalSection(SolutionConfigurationPlatforms) = preSolution
		Debug|Any CPU = Debug|Any CPU
		Release|Any CPU = Release|Any CPU
	EndGlobalSection
	GlobalSection(ProjectConfigurationPlatforms) = postSolution
		{475B590C-1B49-4DFC-AC31-BAC78C0373BE}.Debug|Any CPU.ActiveCfg = Debug|Any CPU
		{475B590C-1B49-4DFC-AC31-BAC78C0373BE}.Debug|Any CPU.Build.0 = Debug|Any CPU
		{475B590C-1B49-4DFC-AC31-BAC78C0373BE}.Release|Any CPU.ActiveCfg = Release|Any CPU
		{475B590C-1B49-4DFC-AC31-BAC78C0373BE}.Release|Any CPU.Build.0 = Release|Any CPU
		{BF164D88-7361-4EE8-B7DB-043C3D1FB4C6}.Debug|Any CPU.ActiveCfg = Debug|Any CPU
		{BF164D88-7361-4EE8-B7DB-043C3D1FB4C6}.Debug|Any CPU.Build.0 = Debug|Any CPU
		{BF164D88-7361-4EE8-B7DB-043C3D1FB4C6}.Release|Any CPU.ActiveCfg = Release|Any CPU
		{BF164D88-7361-4EE8-B7DB-043C3D1FB4C6}.Release|Any CPU.Build.0 = Release|Any CPU
		{4419A045-C4B5-4056-B64E-20ABBF89D119}.Debug|Any CPU.ActiveCfg = Debug|Any CPU
		{4419A045-C4B5-4056-B64E-20ABBF89D119}.Debug|Any CPU.Build.0 = Debug|Any CPU
		{4419A045-C4B5-4056-B64E-20ABBF89D119}.Release|Any CPU.ActiveCfg = Release|Any CPU
		{4419A045-C4B5-4056-B64E-20ABBF89D119}.Release|Any CPU.Build.0 = Release|Any CPU
	EndGlobalSection
	GlobalSection(SolutionProperties) = preSolution
		HideSolutionNode = FALSE
	EndGlobalSection
EndGlobal
